
Microsoft Visual Studio Solution File, Format Version 12.00
# Visual Studio Version 17
VisualStudioVersion = 17.14.36511.14
MinimumVisualStudioVersion = 10.0.40219.1
Project("{FAE04EC0-301F-11D3-BF4B-00C04F79EFBC}") = "Tyuiu.DolgovIV.Sprint1.Task0.V5.Test", "Tyuiu.DolgovIV.Sprint1.Task0.V5.Test\Tyuiu.DolgovIV.Sprint1.Task0.V5.Test.csproj", "{86D7A5F9-CFC7-403C-881B-CCF460354E5D}"
EndProject
Project("{2150E333-8FDC-42A3-9474-1A3956D46DE8}") = "Task0", "Task0", "{36D591C7-65C7-A0D1-1CBC-10CDE441BDC8}"
EndProject
Project("{FAE04EC0-301F-11D3-BF4B-00C04F79EFBC}") = "Tyuiu.DolgovIV.Sprint1.Task0.V5.Lib", "Tyuiu.DolgovIV.Sprint1.Task0.V5.Lib\Tyuiu.DolgovIV.Sprint1.Task0.V5.Lib.csproj", "{6F48AF6B-25E2-4254-AD97-A8E52D079678}"
EndProject
Project("{FAE04EC0-301F-11D3-BF4B-00C04F79EFBC}") = "Tyuiu.DolgovIV.Sprint1.Task0.V5", "Tyuiu.DolgovIV.Sprint1.Task0.V5\Tyuiu.DolgovIV.Sprint1.Task0.V5.csproj", "{628DDA2F-4762-44FA-999B-E5F30C3204C5}"
EndProject
Project("{2150E333-8FDC-42A3-9474-1A3956D46DE8}") = "Task1", "Task1", "{071140A5-E5C6-4B47-BD54-BE56FD8BE85C}"
EndProject
Project("{FAE04EC0-301F-11D3-BF4B-00C04F79EFBC}") = "Tyuiu.DolgovIV.Sprint1.Task1.V9", "Tyuiu.DolgovIV.Sprint1.Task1.V9\Tyuiu.DolgovIV.Sprint1.Task1.V9.csproj", "{D9B00ACD-52AE-4E5A-8548-FCC1998E1A33}"
EndProject
Project("{FAE04EC0-301F-11D3-BF4B-00C04F79EFBC}") = "Tyuiu.DolgovIV.Sprint1.Task1.V9.Lib", "Tyuiu.DolgovIV.Sprint1.Task1.V9.Lib\Tyuiu.DolgovIV.Sprint1.Task1.V9.Lib.csproj", "{2F9F94EA-C765-4387-8B84-AF8D48B2A666}"
EndProject
Project("{FAE04EC0-301F-11D3-BF4B-00C04F79EFBC}") = "Tyuiu.DolgovIV.Sprint1.Task1.V9.Test", "Tyuiu.DolgovIV.Sprint1.Task1.V9.Test\Tyuiu.DolgovIV.Sprint1.Task1.V9.Test.csproj", "{38801D64-A838-4F34-865D-A565EA7EBC3D}"
EndProject
Project("{2150E333-8FDC-42A3-9474-1A3956D46DE8}") = "Task2", "Task2", "{AF55FE5D-4632-4285-9827-AE9DC4EED544}"
EndProject
Project("{FAE04EC0-301F-11D3-BF4B-00C04F79EFBC}") = "Tyuiu.DolgovIV.Sprint1.Task2.V25.Test", "Tyuiu.DolgovIV.Sprint1.Task2.V25.Test\Tyuiu.DolgovIV.Sprint1.Task2.V25.Test.csproj", "{B28AB119-1251-46AC-9F1A-C84F2B735EBE}"
EndProject
Project("{FAE04EC0-301F-11D3-BF4B-00C04F79EFBC}") = "Tyuiu.DolgovIV.Sprint1.Task2.V25.Lib", "Tyuiu.DolgovIV.Sprint1.Task2.V25.Lib\Tyuiu.DolgovIV.Sprint1.Task2.V25.Lib.csproj", "{E8637CC2-71DC-4D29-8669-CDEB58720F12}"
EndProject
Project("{FAE04EC0-301F-11D3-BF4B-00C04F79EFBC}") = "Tyuiu.DolgovIV.Sprint1.Task2.V25", "Tyuiu.DolgovIV.Sprint1.Task2.V25\Tyuiu.DolgovIV.Sprint1.Task2.V25.csproj", "{42EC3708-52F6-43DD-AD4C-9BD8AECF68C3}"
EndProject
Project("{2150E333-8FDC-42A3-9474-1A3956D46DE8}") = "Task3", "Task3", "{B7824FDB-34D1-4766-87FB-432BCF0B231E}"
EndProject
Project("{FAE04EC0-301F-11D3-BF4B-00C04F79EFBC}") = "Tyuiu.DolgovIV.Sprint1.Task3.V3", "Tyuiu.DolgovIV.Sprint1.Task3.V3\Tyuiu.DolgovIV.Sprint1.Task3.V3.csproj", "{A278D3EC-3A48-459A-BEF4-7409E4861141}"
EndProject
Project("{FAE04EC0-301F-11D3-BF4B-00C04F79EFBC}") = "Tyuiu.DolgovIV.Sprint1.Task3.V3.Lib", "Tyuiu.DolgovIV.Sprint1.Task3.V3.Lib\Tyuiu.DolgovIV.Sprint1.Task3.V3.Lib.csproj", "{8C38CDF3-7C72-405D-9FD4-E1B55D6B7B06}"
EndProject
Project("{FAE04EC0-301F-11D3-BF4B-00C04F79EFBC}") = "Tyuiu.DolgovIV.Sprint1.Task3.V3.Test", "Tyuiu.DolgovIV.Sprint1.Task3.V3.Test\Tyuiu.DolgovIV.Sprint1.Task3.V3.Test.csproj", "{B10F76F7-E251-43B6-BF39-1EB6B259550E}"
EndProject
Project("{2150E333-8FDC-42A3-9474-1A3956D46DE8}") = "Task4", "Task4", "{34EFF4DB-C59A-4A26-9F28-E2FEDC5633C5}"
EndProject
Project("{FAE04EC0-301F-11D3-BF4B-00C04F79EFBC}") = "Tyuiu.DolgovIV.Sprint1.Task4.V17.Test", "Tyuiu.DolgovIV.Sprint1.Task4.V17.Test\Tyuiu.DolgovIV.Sprint1.Task4.V17.Test.csproj", "{6C86EF0D-0218-4448-B0AD-F80212B93AEF}"
EndProject
Project("{FAE04EC0-301F-11D3-BF4B-00C04F79EFBC}") = "Tyuiu.DolgovIV.Sprint1.Task4.V17.Lib", "Tyuiu.DolgovIV.Sprint1.Task4.V17.Lib\Tyuiu.DolgovIV.Sprint1.Task4.V17.Lib.csproj", "{7C8B7D44-9408-4CBE-9A7B-D5D346489667}"
EndProject
Project("{FAE04EC0-301F-11D3-BF4B-00C04F79EFBC}") = "Tyuiu.DolgovIV.Sprint1.Task4.V17", "Tyuiu.DolgovIV.Sprint1.Task4.V17\Tyuiu.DolgovIV.Sprint1.Task4.V17.csproj", "{0970D930-F3CD-454E-8BED-A3C238696AE9}"
EndProject
Project("{2150E333-8FDC-42A3-9474-1A3956D46DE8}") = "Task5", "Task5", "{4542CF67-10AF-4BCB-BCCE-4C6813694624}"
EndProject
Project("{FAE04EC0-301F-11D3-BF4B-00C04F79EFBC}") = "Tyuiu.DolgovIV.Sprint1.Task5.V1", "Tyuiu.DolgovIV.Sprint1.Task5.V1\Tyuiu.DolgovIV.Sprint1.Task5.V1.csproj", "{581B2A85-92BA-43FE-B6E7-02C65509B878}"
EndProject
Project("{FAE04EC0-301F-11D3-BF4B-00C04F79EFBC}") = "Tyuiu.DolgovIV.Sprint1.Task5.V1.Lib", "Tyuiu.DolgovIV.Sprint1.Task5.V1.Lib\Tyuiu.DolgovIV.Sprint1.Task5.V1.Lib.csproj", "{3203F852-639C-4F74-916D-171C13DBFF48}"
EndProject
Project("{FAE04EC0-301F-11D3-BF4B-00C04F79EFBC}") = "Tyuiu.DolgovIV.Sprint1.Task5.V1.Test", "Tyuiu.DolgovIV.Sprint1.Task5.V1.Test\Tyuiu.DolgovIV.Sprint1.Task5.V1.Test.csproj", "{7BB6E6AB-B51B-4079-818A-1C015F01A1A8}"
EndProject
Project("{2150E333-8FDC-42A3-9474-1A3956D46DE8}") = "Task6", "Task6", "{28F9131A-1ED5-4BB9-B0E0-82D64BFE54DE}"
EndProject
Project("{FAE04EC0-301F-11D3-BF4B-00C04F79EFBC}") = "Tyuiu.DolgovIV.Sprint1.Task6.V7.Test", "Tyuiu.DolgovIV.Sprint1.Task6.V7.Test\Tyuiu.DolgovIV.Sprint1.Task6.V7.Test.csproj", "{24BC013F-4315-41A6-AE9F-FF6F297DFDFA}"
EndProject
Project("{FAE04EC0-301F-11D3-BF4B-00C04F79EFBC}") = "Tyuiu.DolgovIV.Sprint1.Task6.V7.Lib", "Tyuiu.DolgovIV.Sprint1.Task6.V7.Lib\Tyuiu.DolgovIV.Sprint1.Task6.V7.Lib.csproj", "{0BAD6007-9618-463F-A64D-D57A9A81CE4D}"
EndProject
Project("{FAE04EC0-301F-11D3-BF4B-00C04F79EFBC}") = "Tyuiu.DolgovIV.Sprint1.Task6.V7", "Tyuiu.DolgovIV.Sprint1.Task6.V7\Tyuiu.DolgovIV.Sprint1.Task6.V7.csproj", "{6A0642AC-D567-4F2D-B716-C2F3B793178F}"
EndProject
Project("{2150E333-8FDC-42A3-9474-1A3956D46DE8}") = "Task7", "Task7", "{80772C55-8142-46A9-9209-CF1013EF5761}"
EndProject
Project("{FAE04EC0-301F-11D3-BF4B-00C04F79EFBC}") = "Tyuiu.DolgovIV.Sprint1.Task7.V24", "Tyuiu.DolgovIV.Sprint1.Task7.V24\Tyuiu.DolgovIV.Sprint1.Task7.V24.csproj", "{50249420-E8B0-4F49-96D1-003D2443CF76}"
EndProject
Project("{FAE04EC0-301F-11D3-BF4B-00C04F79EFBC}") = "Tyuiu.DolgovIV.Sprint1.Task7.V24.Lib", "Tyuiu.DolgovIV.Sprint1.Task7.V24.Lib\Tyuiu.DolgovIV.Sprint1.Task7.V24.Lib.csproj", "{4027F0C1-66FC-4D29-BD93-949D72E5C3B5}"
EndProject
Project("{FAE04EC0-301F-11D3-BF4B-00C04F79EFBC}") = "Tyuiu.DolgovIV.Sprint1.Task7.V24.Test", "Tyuiu.DolgovIV.Sprint1.Task7.V24.Test\Tyuiu.DolgovIV.Sprint1.Task7.V24.Test.csproj", "{2810C66F-B3BF-4697-9542-8766797AD543}"
EndProject
Global
	GlobalSection(SolutionConfigurationPlatforms) = preSolution
		Debug|Any CPU = Debug|Any CPU
		Release|Any CPU = Release|Any CPU
	EndGlobalSection
	GlobalSection(ProjectConfigurationPlatforms) = postSolution
		{86D7A5F9-CFC7-403C-881B-CCF460354E5D}.Debug|Any CPU.ActiveCfg = Debug|Any CPU
		{86D7A5F9-CFC7-403C-881B-CCF460354E5D}.Debug|Any CPU.Build.0 = Debug|Any CPU
		{86D7A5F9-CFC7-403C-881B-CCF460354E5D}.Release|Any CPU.ActiveCfg = Release|Any CPU
		{86D7A5F9-CFC7-403C-881B-CCF460354E5D}.Release|Any CPU.Build.0 = Release|Any CPU
		{6F48AF6B-25E2-4254-AD97-A8E52D079678}.Debug|Any CPU.ActiveCfg = Debug|Any CPU
		{6F48AF6B-25E2-4254-AD97-A8E52D079678}.Debug|Any CPU.Build.0 = Debug|Any CPU
		{6F48AF6B-25E2-4254-AD97-A8E52D079678}.Release|Any CPU.ActiveCfg = Release|Any CPU
		{6F48AF6B-25E2-4254-AD97-A8E52D079678}.Release|Any CPU.Build.0 = Release|Any CPU
		{628DDA2F-4762-44FA-999B-E5F30C3204C5}.Debug|Any CPU.ActiveCfg = Debug|Any CPU
		{628DDA2F-4762-44FA-999B-E5F30C3204C5}.Debug|Any CPU.Build.0 = Debug|Any CPU
		{628DDA2F-4762-44FA-999B-E5F30C3204C5}.Release|Any CPU.ActiveCfg = Release|Any CPU
		{628DDA2F-4762-44FA-999B-E5F30C3204C5}.Release|Any CPU.Build.0 = Release|Any CPU
		{D9B00ACD-52AE-4E5A-8548-FCC1998E1A33}.Debug|Any CPU.ActiveCfg = Debug|Any CPU
		{D9B00ACD-52AE-4E5A-8548-FCC1998E1A33}.Debug|Any CPU.Build.0 = Debug|Any CPU
		{D9B00ACD-52AE-4E5A-8548-FCC1998E1A33}.Release|Any CPU.ActiveCfg = Release|Any CPU
		{D9B00ACD-52AE-4E5A-8548-FCC1998E1A33}.Release|Any CPU.Build.0 = Release|Any CPU
		{2F9F94EA-C765-4387-8B84-AF8D48B2A666}.Debug|Any CPU.ActiveCfg = Debug|Any CPU
		{2F9F94EA-C765-4387-8B84-AF8D48B2A666}.Debug|Any CPU.Build.0 = Debug|Any CPU
		{2F9F94EA-C765-4387-8B84-AF8D48B2A666}.Release|Any CPU.ActiveCfg = Release|Any CPU
		{2F9F94EA-C765-4387-8B84-AF8D48B2A666}.Release|Any CPU.Build.0 = Release|Any CPU
		{38801D64-A838-4F34-865D-A565EA7EBC3D}.Debug|Any CPU.ActiveCfg = Debug|Any CPU
		{38801D64-A838-4F34-865D-A565EA7EBC3D}.Debug|Any CPU.Build.0 = Debug|Any CPU
		{38801D64-A838-4F34-865D-A565EA7EBC3D}.Release|Any CPU.ActiveCfg = Release|Any CPU
		{38801D64-A838-4F34-865D-A565EA7EBC3D}.Release|Any CPU.Build.0 = Release|Any CPU
		{B28AB119-1251-46AC-9F1A-C84F2B735EBE}.Debug|Any CPU.ActiveCfg = Debug|Any CPU
		{B28AB119-1251-46AC-9F1A-C84F2B735EBE}.Debug|Any CPU.Build.0 = Debug|Any CPU
		{B28AB119-1251-46AC-9F1A-C84F2B735EBE}.Release|Any CPU.ActiveCfg = Release|Any CPU
		{B28AB119-1251-46AC-9F1A-C84F2B735EBE}.Release|Any CPU.Build.0 = Release|Any CPU
		{E8637CC2-71DC-4D29-8669-CDEB58720F12}.Debug|Any CPU.ActiveCfg = Debug|Any CPU
		{E8637CC2-71DC-4D29-8669-CDEB58720F12}.Debug|Any CPU.Build.0 = Debug|Any CPU
		{E8637CC2-71DC-4D29-8669-CDEB58720F12}.Release|Any CPU.ActiveCfg = Release|Any CPU
		{E8637CC2-71DC-4D29-8669-CDEB58720F12}.Release|Any CPU.Build.0 = Release|Any CPU
		{42EC3708-52F6-43DD-AD4C-9BD8AECF68C3}.Debug|Any CPU.ActiveCfg = Debug|Any CPU
		{42EC3708-52F6-43DD-AD4C-9BD8AECF68C3}.Debug|Any CPU.Build.0 = Debug|Any CPU
		{42EC3708-52F6-43DD-AD4C-9BD8AECF68C3}.Release|Any CPU.ActiveCfg = Release|Any CPU
		{42EC3708-52F6-43DD-AD4C-9BD8AECF68C3}.Release|Any CPU.Build.0 = Release|Any CPU
		{A278D3EC-3A48-459A-BEF4-7409E4861141}.Debug|Any CPU.ActiveCfg = Debug|Any CPU
		{A278D3EC-3A48-459A-BEF4-7409E4861141}.Debug|Any CPU.Build.0 = Debug|Any CPU
		{A278D3EC-3A48-459A-BEF4-7409E4861141}.Release|Any CPU.ActiveCfg = Release|Any CPU
		{A278D3EC-3A48-459A-BEF4-7409E4861141}.Release|Any CPU.Build.0 = Release|Any CPU
		{8C38CDF3-7C72-405D-9FD4-E1B55D6B7B06}.Debug|Any CPU.ActiveCfg = Debug|Any CPU
		{8C38CDF3-7C72-405D-9FD4-E1B55D6B7B06}.Debug|Any CPU.Build.0 = Debug|Any CPU
		{8C38CDF3-7C72-405D-9FD4-E1B55D6B7B06}.Release|Any CPU.ActiveCfg = Release|Any CPU
		{8C38CDF3-7C72-405D-9FD4-E1B55D6B7B06}.Release|Any CPU.Build.0 = Release|Any CPU
		{B10F76F7-E251-43B6-BF39-1EB6B259550E}.Debug|Any CPU.ActiveCfg = Debug|Any CPU
		{B10F76F7-E251-43B6-BF39-1EB6B259550E}.Debug|Any CPU.Build.0 = Debug|Any CPU
		{B10F76F7-E251-43B6-BF39-1EB6B259550E}.Release|Any CPU.ActiveCfg = Release|Any CPU
		{B10F76F7-E251-43B6-BF39-1EB6B259550E}.Release|Any CPU.Build.0 = Release|Any CPU
		{6C86EF0D-0218-4448-B0AD-F80212B93AEF}.Debug|Any CPU.ActiveCfg = Debug|Any CPU
		{6C86EF0D-0218-4448-B0AD-F80212B93AEF}.Debug|Any CPU.Build.0 = Debug|Any CPU
		{6C86EF0D-0218-4448-B0AD-F80212B93AEF}.Release|Any CPU.ActiveCfg = Release|Any CPU
		{6C86EF0D-0218-4448-B0AD-F80212B93AEF}.Release|Any CPU.Build.0 = Release|Any CPU
		{7C8B7D44-9408-4CBE-9A7B-D5D346489667}.Debug|Any CPU.ActiveCfg = Debug|Any CPU
		{7C8B7D44-9408-4CBE-9A7B-D5D346489667}.Debug|Any CPU.Build.0 = Debug|Any CPU
		{7C8B7D44-9408-4CBE-9A7B-D5D346489667}.Release|Any CPU.ActiveCfg = Release|Any CPU
		{7C8B7D44-9408-4CBE-9A7B-D5D346489667}.Release|Any CPU.Build.0 = Release|Any CPU
		{0970D930-F3CD-454E-8BED-A3C238696AE9}.Debug|Any CPU.ActiveCfg = Debug|Any CPU
		{0970D930-F3CD-454E-8BED-A3C238696AE9}.Debug|Any CPU.Build.0 = Debug|Any CPU
		{0970D930-F3CD-454E-8BED-A3C238696AE9}.Release|Any CPU.ActiveCfg = Release|Any CPU
		{0970D930-F3CD-454E-8BED-A3C238696AE9}.Release|Any CPU.Build.0 = Release|Any CPU
		{581B2A85-92BA-43FE-B6E7-02C65509B878}.Debug|Any CPU.ActiveCfg = Debug|Any CPU
		{581B2A85-92BA-43FE-B6E7-02C65509B878}.Debug|Any CPU.Build.0 = Debug|Any CPU
		{581B2A85-92BA-43FE-B6E7-02C65509B878}.Release|Any CPU.ActiveCfg = Release|Any CPU
		{581B2A85-92BA-43FE-B6E7-02C65509B878}.Release|Any CPU.Build.0 = Release|Any CPU
		{3203F852-639C-4F74-916D-171C13DBFF48}.Debug|Any CPU.ActiveCfg = Debug|Any CPU
		{3203F852-639C-4F74-916D-171C13DBFF48}.Debug|Any CPU.Build.0 = Debug|Any CPU
		{3203F852-639C-4F74-916D-171C13DBFF48}.Release|Any CPU.ActiveCfg = Release|Any CPU
		{3203F852-639C-4F74-916D-171C13DBFF48}.Release|Any CPU.Build.0 = Release|Any CPU
		{7BB6E6AB-B51B-4079-818A-1C015F01A1A8}.Debug|Any CPU.ActiveCfg = Debug|Any CPU
		{7BB6E6AB-B51B-4079-818A-1C015F01A1A8}.Debug|Any CPU.Build.0 = Debug|Any CPU
		{7BB6E6AB-B51B-4079-818A-1C015F01A1A8}.Release|Any CPU.ActiveCfg = Release|Any CPU
		{7BB6E6AB-B51B-4079-818A-1C015F01A1A8}.Release|Any CPU.Build.0 = Release|Any CPU
		{24BC013F-4315-41A6-AE9F-FF6F297DFDFA}.Debug|Any CPU.ActiveCfg = Debug|Any CPU
		{24BC013F-4315-41A6-AE9F-FF6F297DFDFA}.Debug|Any CPU.Build.0 = Debug|Any CPU
		{24BC013F-4315-41A6-AE9F-FF6F297DFDFA}.Release|Any CPU.ActiveCfg = Release|Any CPU
		{24BC013F-4315-41A6-AE9F-FF6F297DFDFA}.Release|Any CPU.Build.0 = Release|Any CPU
		{0BAD6007-9618-463F-A64D-D57A9A81CE4D}.Debug|Any CPU.ActiveCfg = Debug|Any CPU
		{0BAD6007-9618-463F-A64D-D57A9A81CE4D}.Debug|Any CPU.Build.0 = Debug|Any CPU
		{0BAD6007-9618-463F-A64D-D57A9A81CE4D}.Release|Any CPU.ActiveCfg = Release|Any CPU
		{0BAD6007-9618-463F-A64D-D57A9A81CE4D}.Release|Any CPU.Build.0 = Release|Any CPU
		{6A0642AC-D567-4F2D-B716-C2F3B793178F}.Debug|Any CPU.ActiveCfg = Debug|Any CPU
		{6A0642AC-D567-4F2D-B716-C2F3B793178F}.Debug|Any CPU.Build.0 = Debug|Any CPU
		{6A0642AC-D567-4F2D-B716-C2F3B793178F}.Release|Any CPU.ActiveCfg = Release|Any CPU
		{6A0642AC-D567-4F2D-B716-C2F3B793178F}.Release|Any CPU.Build.0 = Release|Any CPU
		{50249420-E8B0-4F49-96D1-003D2443CF76}.Debug|Any CPU.ActiveCfg = Debug|Any CPU
		{50249420-E8B0-4F49-96D1-003D2443CF76}.Debug|Any CPU.Build.0 = Debug|Any CPU
		{50249420-E8B0-4F49-96D1-003D2443CF76}.Release|Any CPU.ActiveCfg = Release|Any CPU
		{50249420-E8B0-4F49-96D1-003D2443CF76}.Release|Any CPU.Build.0 = Release|Any CPU
		{4027F0C1-66FC-4D29-BD93-949D72E5C3B5}.Debug|Any CPU.ActiveCfg = Debug|Any CPU
		{4027F0C1-66FC-4D29-BD93-949D72E5C3B5}.Debug|Any CPU.Build.0 = Debug|Any CPU
		{4027F0C1-66FC-4D29-BD93-949D72E5C3B5}.Release|Any CPU.ActiveCfg = Release|Any CPU
		{4027F0C1-66FC-4D29-BD93-949D72E5C3B5}.Release|Any CPU.Build.0 = Release|Any CPU
		{2810C66F-B3BF-4697-9542-8766797AD543}.Debug|Any CPU.ActiveCfg = Debug|Any CPU
		{2810C66F-B3BF-4697-9542-8766797AD543}.Debug|Any CPU.Build.0 = Debug|Any CPU
		{2810C66F-B3BF-4697-9542-8766797AD543}.Release|Any CPU.ActiveCfg = Release|Any CPU
		{2810C66F-B3BF-4697-9542-8766797AD543}.Release|Any CPU.Build.0 = Release|Any CPU
	EndGlobalSection
	GlobalSection(SolutionProperties) = preSolution
		HideSolutionNode = FALSE
	EndGlobalSection
	GlobalSection(NestedProjects) = preSolution
		{86D7A5F9-CFC7-403C-881B-CCF460354E5D} = {36D591C7-65C7-A0D1-1CBC-10CDE441BDC8}
		{6F48AF6B-25E2-4254-AD97-A8E52D079678} = {36D591C7-65C7-A0D1-1CBC-10CDE441BDC8}
		{628DDA2F-4762-44FA-999B-E5F30C3204C5} = {36D591C7-65C7-A0D1-1CBC-10CDE441BDC8}
		{D9B00ACD-52AE-4E5A-8548-FCC1998E1A33} = {071140A5-E5C6-4B47-BD54-BE56FD8BE85C}
		{2F9F94EA-C765-4387-8B84-AF8D48B2A666} = {071140A5-E5C6-4B47-BD54-BE56FD8BE85C}
		{38801D64-A838-4F34-865D-A565EA7EBC3D} = {071140A5-E5C6-4B47-BD54-BE56FD8BE85C}
		{B28AB119-1251-46AC-9F1A-C84F2B735EBE} = {AF55FE5D-4632-4285-9827-AE9DC4EED544}
		{E8637CC2-71DC-4D29-8669-CDEB58720F12} = {AF55FE5D-4632-4285-9827-AE9DC4EED544}
		{42EC3708-52F6-43DD-AD4C-9BD8AECF68C3} = {AF55FE5D-4632-4285-9827-AE9DC4EED544}
		{A278D3EC-3A48-459A-BEF4-7409E4861141} = {B7824FDB-34D1-4766-87FB-432BCF0B231E}
		{8C38CDF3-7C72-405D-9FD4-E1B55D6B7B06} = {B7824FDB-34D1-4766-87FB-432BCF0B231E}
		{B10F76F7-E251-43B6-BF39-1EB6B259550E} = {B7824FDB-34D1-4766-87FB-432BCF0B231E}
		{6C86EF0D-0218-4448-B0AD-F80212B93AEF} = {34EFF4DB-C59A-4A26-9F28-E2FEDC5633C5}
		{7C8B7D44-9408-4CBE-9A7B-D5D346489667} = {34EFF4DB-C59A-4A26-9F28-E2FEDC5633C5}
		{0970D930-F3CD-454E-8BED-A3C238696AE9} = {34EFF4DB-C59A-4A26-9F28-E2FEDC5633C5}
		{581B2A85-92BA-43FE-B6E7-02C65509B878} = {4542CF67-10AF-4BCB-BCCE-4C6813694624}
		{3203F852-639C-4F74-916D-171C13DBFF48} = {4542CF67-10AF-4BCB-BCCE-4C6813694624}
		{7BB6E6AB-B51B-4079-818A-1C015F01A1A8} = {4542CF67-10AF-4BCB-BCCE-4C6813694624}
		{24BC013F-4315-41A6-AE9F-FF6F297DFDFA} = {28F9131A-1ED5-4BB9-B0E0-82D64BFE54DE}
		{0BAD6007-9618-463F-A64D-D57A9A81CE4D} = {28F9131A-1ED5-4BB9-B0E0-82D64BFE54DE}
		{6A0642AC-D567-4F2D-B716-C2F3B793178F} = {28F9131A-1ED5-4BB9-B0E0-82D64BFE54DE}
		{50249420-E8B0-4F49-96D1-003D2443CF76} = {80772C55-8142-46A9-9209-CF1013EF5761}
		{4027F0C1-66FC-4D29-BD93-949D72E5C3B5} = {80772C55-8142-46A9-9209-CF1013EF5761}
		{2810C66F-B3BF-4697-9542-8766797AD543} = {80772C55-8142-46A9-9209-CF1013EF5761}
	EndGlobalSection
	GlobalSection(ExtensibilityGlobals) = postSolution
		SolutionGuid = {03A817AE-1E69-4D60-8F50-BF8EC496C10C}
	EndGlobalSection
EndGlobal
